
Microsoft Visual Studio Solution File, Format Version 12.00
# Visual Studio Version 17
VisualStudioVersion = 17.14.36414.22 d17.14
MinimumVisualStudioVersion = 10.0.40219.1
Project("{FAE04EC0-301F-11D3-BF4B-00C04F79EFBC}") = "motion-demo-many-eyeballs", "motion-demo-many-eyeballs.csproj", "{D5FBC8EE-4D3C-4049-9C9D-6302DF068F08}"
EndProject
Global
	GlobalSection(SolutionConfigurationPlatforms) = preSolution
		Debug|Any CPU = Debug|Any CPU
		Release|Any CPU = Release|Any CPU
	EndGlobalSection
	GlobalSection(ProjectConfigurationPlatforms) = postSolution
		{D5FBC8EE-4D3C-4049-9C9D-6302DF068F08}.Debug|Any CPU.ActiveCfg = Debug|Any CPU
		{D5FBC8EE-4D3C-4049-9C9D-6302DF068F08}.Debug|Any CPU.Build.0 = Debug|Any CPU
		{D5FBC8EE-4D3C-4049-9C9D-6302DF068F08}.Release|Any CPU.ActiveCfg = Release|Any CPU
		{D5FBC8EE-4D3C-4049-9C9D-6302DF068F08}.Release|Any CPU.Build.0 = Release|Any CPU
	EndGlobalSection
	GlobalSection(SolutionProperties) = preSolution
		HideSolutionNode = FALSE
	EndGlobalSection
	GlobalSection(ExtensibilityGlobals) = postSolution
		SolutionGuid = {86BABCAA-1B7D-4083-8F91-19C752591DBB}
	EndGlobalSection
EndGlobal
